{
  "name": "reminder",
  "version": "1.0.0",
  "lockfileVersion": 3,
  "requires": true,
  "packages": {
    "": {
      "name": "reminder",
      "version": "1.0.0",
      "dependencies": {
        "uni-cloud-router": "latest"
      }
    },
    "node_modules/uni-cloud-router": {
      "version": "0.0.11",
      "resolved": "https://registry.npmmirror.com/uni-cloud-router/-/uni-cloud-router-0.0.11.tgz",
      "integrity": "sha512-4Wq0YEqO9aBCGzxkDmRIJGCoRqprBhRC7w47+IOLvbZQ4PEl/LXiTwsQjnXwy4ePf/1N9PfAkdMFejzzsTD7Fw=="
    }
  }
}
